
Microsoft Visual Studio Solution File, Format Version 12.00
# Visual Studio 15
VisualStudioVersion = 15.0.28307.757
MinimumVisualStudioVersion = 10.0.40219.1
Project("{FAE04EC0-301F-11D3-BF4B-00C04F79EFBC}") = "MvcCoreDemo3", "MvcCoreDemo3\MvcCoreDemo3.csproj", "{77E9E29F-3AF7-4052-BFC0-7BD73961E7DE}"
EndProject
Global
	GlobalSection(SolutionConfigurationPlatforms) = preSolution
		Debug|Any CPU = Debug|Any CPU
		Release|Any CPU = Release|Any CPU
	EndGlobalSection
	GlobalSection(ProjectConfigurationPlatforms) = postSolution
		{77E9E29F-3AF7-4052-BFC0-7BD73961E7DE}.Debug|Any CPU.ActiveCfg = Debug|Any CPU
		{77E9E29F-3AF7-4052-BFC0-7BD73961E7DE}.Debug|Any CPU.Build.0 = Debug|Any CPU
		{77E9E29F-3AF7-4052-BFC0-7BD73961E7DE}.Release|Any CPU.ActiveCfg = Release|Any CPU
		{77E9E29F-3AF7-4052-BFC0-7BD73961E7DE}.Release|Any CPU.Build.0 = Release|Any CPU
	EndGlobalSection
	GlobalSection(SolutionProperties) = preSolution
		HideSolutionNode = FALSE
	EndGlobalSection
	GlobalSection(ExtensibilityGlobals) = postSolution
		SolutionGuid = {50D2BB46-0726-43A9-B565-EB9CD079EA2E}
	EndGlobalSection
EndGlobal
